
Microsoft Visual Studio Solution File, Format Version 12.00
# Visual Studio 2013
VisualStudioVersion = 12.0.30501.0
MinimumVisualStudioVersion = 10.0.40219.1
Project("{FAE04EC0-301F-11D3-BF4B-00C04F79EFBC}") = "14-10 Command操作数据", "14-10 Command操作数据\14-10 Command操作数据.csproj", "{5F709EB6-1EF3-4901-A603-4F9A0F15104C}"
EndProject
Global
	GlobalSection(SolutionConfigurationPlatforms) = preSolution
		Debug|Any CPU = Debug|Any CPU
		Release|Any CPU = Release|Any CPU
	EndGlobalSection
	GlobalSection(ProjectConfigurationPlatforms) = postSolution
		{5F709EB6-1EF3-4901-A603-4F9A0F15104C}.Debug|Any CPU.ActiveCfg = Debug|Any CPU
		{5F709EB6-1EF3-4901-A603-4F9A0F15104C}.Debug|Any CPU.Build.0 = Debug|Any CPU
		{5F709EB6-1EF3-4901-A603-4F9A0F15104C}.Release|Any CPU.ActiveCfg = Release|Any CPU
		{5F709EB6-1EF3-4901-A603-4F9A0F15104C}.Release|Any CPU.Build.0 = Release|Any CPU
	EndGlobalSection
	GlobalSection(SolutionProperties) = preSolution
		HideSolutionNode = FALSE
	EndGlobalSection
EndGlobal
