
Microsoft Visual Studio Solution File, Format Version 12.00
# Visual Studio 2013
VisualStudioVersion = 12.0.30501.0
MinimumVisualStudioVersion = 10.0.40219.1
Project("{FAE04EC0-301F-11D3-BF4B-00C04F79EFBC}") = "17.5 正则表达式替换", "17.5 正则表达式替换\17.5 正则表达式替换.csproj", "{ECC9406D-8144-4AEE-A5A1-1B20317ED858}"
EndProject
Global
	GlobalSection(SolutionConfigurationPlatforms) = preSolution
		Debug|Any CPU = Debug|Any CPU
		Release|Any CPU = Release|Any CPU
	EndGlobalSection
	GlobalSection(ProjectConfigurationPlatforms) = postSolution
		{ECC9406D-8144-4AEE-A5A1-1B20317ED858}.Debug|Any CPU.ActiveCfg = Debug|Any CPU
		{ECC9406D-8144-4AEE-A5A1-1B20317ED858}.Debug|Any CPU.Build.0 = Debug|Any CPU
		{ECC9406D-8144-4AEE-A5A1-1B20317ED858}.Release|Any CPU.ActiveCfg = Release|Any CPU
		{ECC9406D-8144-4AEE-A5A1-1B20317ED858}.Release|Any CPU.Build.0 = Release|Any CPU
	EndGlobalSection
	GlobalSection(SolutionProperties) = preSolution
		HideSolutionNode = FALSE
	EndGlobalSection
EndGlobal
