
Microsoft Visual Studio Solution File, Format Version 12.00
# Visual Studio 2013
VisualStudioVersion = 12.0.30501.0
MinimumVisualStudioVersion = 10.0.40219.1
Project("{FAE04EC0-301F-11D3-BF4B-00C04F79EFBC}") = "26.6 线程操作之终止线程", "26.6 线程操作之终止线程\26.6 线程操作之终止线程.csproj", "{AC7B337A-3C77-46D7-90B0-1D35D8836488}"
EndProject
Global
	GlobalSection(SolutionConfigurationPlatforms) = preSolution
		Debug|Any CPU = Debug|Any CPU
		Release|Any CPU = Release|Any CPU
	EndGlobalSection
	GlobalSection(ProjectConfigurationPlatforms) = postSolution
		{AC7B337A-3C77-46D7-90B0-1D35D8836488}.Debug|Any CPU.ActiveCfg = Debug|Any CPU
		{AC7B337A-3C77-46D7-90B0-1D35D8836488}.Debug|Any CPU.Build.0 = Debug|Any CPU
		{AC7B337A-3C77-46D7-90B0-1D35D8836488}.Release|Any CPU.ActiveCfg = Release|Any CPU
		{AC7B337A-3C77-46D7-90B0-1D35D8836488}.Release|Any CPU.Build.0 = Release|Any CPU
	EndGlobalSection
	GlobalSection(SolutionProperties) = preSolution
		HideSolutionNode = FALSE
	EndGlobalSection
EndGlobal
