
Microsoft Visual Studio Solution File, Format Version 12.00
# Visual Studio 2013
VisualStudioVersion = 12.0.30501.0
MinimumVisualStudioVersion = 10.0.40219.1
Project("{FAE04EC0-301F-11D3-BF4B-00C04F79EFBC}") = "12.21 Combo_List_CheckedListBox", "12.21 Combo_List_CheckedListBox\12.21 Combo_List_CheckedListBox.csproj", "{3881A34C-6CD4-4EE2-B6BC-4C9C8FDC1DBA}"
EndProject
Global
	GlobalSection(SolutionConfigurationPlatforms) = preSolution
		Debug|Any CPU = Debug|Any CPU
		Release|Any CPU = Release|Any CPU
	EndGlobalSection
	GlobalSection(ProjectConfigurationPlatforms) = postSolution
		{3881A34C-6CD4-4EE2-B6BC-4C9C8FDC1DBA}.Debug|Any CPU.ActiveCfg = Debug|Any CPU
		{3881A34C-6CD4-4EE2-B6BC-4C9C8FDC1DBA}.Debug|Any CPU.Build.0 = Debug|Any CPU
		{3881A34C-6CD4-4EE2-B6BC-4C9C8FDC1DBA}.Release|Any CPU.ActiveCfg = Release|Any CPU
		{3881A34C-6CD4-4EE2-B6BC-4C9C8FDC1DBA}.Release|Any CPU.Build.0 = Release|Any CPU
	EndGlobalSection
	GlobalSection(SolutionProperties) = preSolution
		HideSolutionNode = FALSE
	EndGlobalSection
EndGlobal
