
Microsoft Visual Studio Solution File, Format Version 12.00
# Visual Studio 2013
VisualStudioVersion = 12.0.30501.0
MinimumVisualStudioVersion = 10.0.40219.1
Project("{FAE04EC0-301F-11D3-BF4B-00C04F79EFBC}") = "18.2 实现迭代器的最常用方法", "18.2 实现迭代器的最常用方法\18.2 实现迭代器的最常用方法.csproj", "{EA71315F-EECB-4F36-9518-8394B4FE6272}"
EndProject
Global
	GlobalSection(SolutionConfigurationPlatforms) = preSolution
		Debug|Any CPU = Debug|Any CPU
		Release|Any CPU = Release|Any CPU
	EndGlobalSection
	GlobalSection(ProjectConfigurationPlatforms) = postSolution
		{EA71315F-EECB-4F36-9518-8394B4FE6272}.Debug|Any CPU.ActiveCfg = Debug|Any CPU
		{EA71315F-EECB-4F36-9518-8394B4FE6272}.Debug|Any CPU.Build.0 = Debug|Any CPU
		{EA71315F-EECB-4F36-9518-8394B4FE6272}.Release|Any CPU.ActiveCfg = Release|Any CPU
		{EA71315F-EECB-4F36-9518-8394B4FE6272}.Release|Any CPU.Build.0 = Release|Any CPU
	EndGlobalSection
	GlobalSection(SolutionProperties) = preSolution
		HideSolutionNode = FALSE
	EndGlobalSection
EndGlobal
