
Microsoft Visual Studio Solution File, Format Version 12.00
# Visual Studio 2013
VisualStudioVersion = 12.0.30501.0
MinimumVisualStudioVersion = 10.0.40219.1
Project("{FAE04EC0-301F-11D3-BF4B-00C04F79EFBC}") = "26-7 线程操作之线程的优先级", "26-7 线程操作之线程的优先级\26-7 线程操作之线程的优先级.csproj", "{ADFD19C2-CA00-4E85-A718-8C11ABE8ECF4}"
EndProject
Global
	GlobalSection(SolutionConfigurationPlatforms) = preSolution
		Debug|Any CPU = Debug|Any CPU
		Release|Any CPU = Release|Any CPU
	EndGlobalSection
	GlobalSection(ProjectConfigurationPlatforms) = postSolution
		{ADFD19C2-CA00-4E85-A718-8C11ABE8ECF4}.Debug|Any CPU.ActiveCfg = Debug|Any CPU
		{ADFD19C2-CA00-4E85-A718-8C11ABE8ECF4}.Debug|Any CPU.Build.0 = Debug|Any CPU
		{ADFD19C2-CA00-4E85-A718-8C11ABE8ECF4}.Release|Any CPU.ActiveCfg = Release|Any CPU
		{ADFD19C2-CA00-4E85-A718-8C11ABE8ECF4}.Release|Any CPU.Build.0 = Release|Any CPU
	EndGlobalSection
	GlobalSection(SolutionProperties) = preSolution
		HideSolutionNode = FALSE
	EndGlobalSection
EndGlobal
