
Microsoft Visual Studio Solution File, Format Version 12.00
# Visual Studio 2013
VisualStudioVersion = 12.0.30501.0
MinimumVisualStudioVersion = 10.0.40219.1
Project("{FAE04EC0-301F-11D3-BF4B-00C04F79EFBC}") = "15.5 DataGridView右键删除行", "15.5 DataGridView右键删除行\15.5 DataGridView右键删除行.csproj", "{C8324B94-37B9-4D5E-A29D-D194096AC975}"
EndProject
Global
	GlobalSection(SolutionConfigurationPlatforms) = preSolution
		Debug|Any CPU = Debug|Any CPU
		Release|Any CPU = Release|Any CPU
	EndGlobalSection
	GlobalSection(ProjectConfigurationPlatforms) = postSolution
		{C8324B94-37B9-4D5E-A29D-D194096AC975}.Debug|Any CPU.ActiveCfg = Debug|Any CPU
		{C8324B94-37B9-4D5E-A29D-D194096AC975}.Debug|Any CPU.Build.0 = Debug|Any CPU
		{C8324B94-37B9-4D5E-A29D-D194096AC975}.Release|Any CPU.ActiveCfg = Release|Any CPU
		{C8324B94-37B9-4D5E-A29D-D194096AC975}.Release|Any CPU.Build.0 = Release|Any CPU
	EndGlobalSection
	GlobalSection(SolutionProperties) = preSolution
		HideSolutionNode = FALSE
	EndGlobalSection
EndGlobal
