
Microsoft Visual Studio Solution File, Format Version 12.00
# Visual Studio 2013
VisualStudioVersion = 12.0.30501.0
MinimumVisualStudioVersion = 10.0.40219.1
Project("{FAE04EC0-301F-11D3-BF4B-00C04F79EFBC}") = "12.31 ToolStrip控件", "12.31 ToolStrip控件\12.31 ToolStrip控件.csproj", "{0EF4202A-CA5C-42CA-B533-D3FB801B5E29}"
EndProject
Global
	GlobalSection(SolutionConfigurationPlatforms) = preSolution
		Debug|Any CPU = Debug|Any CPU
		Release|Any CPU = Release|Any CPU
	EndGlobalSection
	GlobalSection(ProjectConfigurationPlatforms) = postSolution
		{0EF4202A-CA5C-42CA-B533-D3FB801B5E29}.Debug|Any CPU.ActiveCfg = Debug|Any CPU
		{0EF4202A-CA5C-42CA-B533-D3FB801B5E29}.Debug|Any CPU.Build.0 = Debug|Any CPU
		{0EF4202A-CA5C-42CA-B533-D3FB801B5E29}.Release|Any CPU.ActiveCfg = Release|Any CPU
		{0EF4202A-CA5C-42CA-B533-D3FB801B5E29}.Release|Any CPU.Build.0 = Release|Any CPU
	EndGlobalSection
	GlobalSection(SolutionProperties) = preSolution
		HideSolutionNode = FALSE
	EndGlobalSection
EndGlobal
